# THIS IS AN AUTOGENERATED FILE. DO NOT EDIT THIS FILE DIRECTLY.
# yarn lockfile v1


"@alloc/quick-lru@^5.2.0":
  version "5.2.0"
  resolved "https://registry.npmjs.org/@alloc/quick-lru/-/quick-lru-5.2.0.tgz"
  integrity sha512-UrcABB+4bUrFABwbluTIBErXwvbsU/V7TZWfmbgJfbkwiBuziS9gxdODUyuiecfdGQ85jglMW6juS3+z5TsKLw==

"@ant-design/colors@^7.0.0", "@ant-design/colors@^7.2.0":
  version "7.2.0"
  resolved "https://registry.npmjs.org/@ant-design/colors/-/colors-7.2.0.tgz"
  integrity sha512-bjTObSnZ9C/O8MB/B4OUtd/q9COomuJAR2SYfhxLyHvCKn4EKwCN3e+fWGMo7H5InAyV0wL17jdE9ALrdOW/6A==
  dependencies:
    "@ant-design/fast-color" "^2.0.6"

"@ant-design/cssinjs-utils@^1.1.3":
  version "1.1.3"
  resolved "https://registry.npmjs.org/@ant-design/cssinjs-utils/-/cssinjs-utils-1.1.3.tgz"
  integrity sha512-nOoQMLW1l+xR1Co8NFVYiP8pZp3VjIIzqV6D6ShYF2ljtdwWJn5WSsH+7kvCktXL/yhEtWURKOfH5Xz/gzlwsg==
  dependencies:
    "@ant-design/cssinjs" "^1.21.0"
    "@babel/runtime" "^7.23.2"
    rc-util "^5.38.0"

"@ant-design/cssinjs@^1.18.2", "@ant-design/cssinjs@^1.21.0", "@ant-design/cssinjs@^1.23.0":
  version "1.23.0"
  resolved "https://registry.npmjs.org/@ant-design/cssinjs/-/cssinjs-1.23.0.tgz"
  integrity sha512-7GAg9bD/iC9ikWatU9ym+P9ugJhi/WbsTWzcKN6T4gU0aehsprtke1UAaaSxxkjjmkJb3llet/rbUSLPgwlY4w==
  dependencies:
    "@babel/runtime" "^7.11.1"
    "@emotion/hash" "^0.8.0"
    "@emotion/unitless" "^0.7.5"
    classnames "^2.3.1"
    csstype "^3.1.3"
    rc-util "^5.35.0"
    stylis "^4.3.4"

"@ant-design/fast-color@^2.0.6":
  version "2.0.6"
  resolved "https://registry.npmjs.org/@ant-design/fast-color/-/fast-color-2.0.6.tgz"
  integrity sha512-y2217gk4NqL35giHl72o6Zzqji9O7vHh9YmhUVkPtAOpoTCH4uWxo/pr4VE8t0+ChEPs0qo4eJRC5Q1eXWo3vA==
  dependencies:
    "@babel/runtime" "^7.24.7"

"@ant-design/icons-svg@^4.4.0":
  version "4.4.2"
  resolved "https://registry.npmjs.org/@ant-design/icons-svg/-/icons-svg-4.4.2.tgz"
  integrity sha512-vHbT+zJEVzllwP+CM+ul7reTEfBR0vgxFe7+lREAsAA7YGsYpboiq2sQNeQeRvh09GfQgs/GyFEvZpJ9cLXpXA==

"@ant-design/icons@^5.6.1":
  version "5.6.1"
  resolved "https://registry.npmjs.org/@ant-design/icons/-/icons-5.6.1.tgz"
  integrity sha512-0/xS39c91WjPAZOWsvi1//zjx6kAp4kxWwctR6kuU6p133w8RU0D2dSCvZC19uQyharg/sAvYxGYWl01BbZZfg==
  dependencies:
    "@ant-design/colors" "^7.0.0"
    "@ant-design/icons-svg" "^4.4.0"
    "@babel/runtime" "^7.24.8"
    classnames "^2.2.6"
    rc-util "^5.31.1"

"@ant-design/nextjs-registry@^1.0.2":
  version "1.0.2"
  resolved "https://registry.npmjs.org/@ant-design/nextjs-registry/-/nextjs-registry-1.0.2.tgz"
  integrity sha512-hmeBsD3Aq+bR9zlzvnE+zU0jGX6uamad5dk9nw/O5oZ7Pu+zonL+MuyUUw/olMOzqjq9iY+DZciJr9F86th3YQ==

"@ant-design/react-slick@~1.1.2":
  version "1.1.2"
  resolved "https://registry.npmjs.org/@ant-design/react-slick/-/react-slick-1.1.2.tgz"
  integrity sha512-EzlvzE6xQUBrZuuhSAFTdsr4P2bBBHGZwKFemEfq8gIGyIQCxalYfZW/T2ORbtQx5rU69o+WycP3exY/7T1hGA==
  dependencies:
    "@babel/runtime" "^7.10.4"
    classnames "^2.2.5"
    json2mq "^0.2.0"
    resize-observer-polyfill "^1.5.1"
    throttle-debounce "^5.0.0"

"@babel/runtime@^7.10.1", "@babel/runtime@^7.10.4", "@babel/runtime@^7.11.1", "@babel/runtime@^7.11.2", "@babel/runtime@^7.16.7", "@babel/runtime@^7.18.0", "@babel/runtime@^7.18.3", "@babel/runtime@^7.20.0", "@babel/runtime@^7.20.7", "@babel/runtime@^7.21.0", "@babel/runtime@^7.22.5", "@babel/runtime@^7.23.2", "@babel/runtime@^7.23.6", "@babel/runtime@^7.23.9", "@babel/runtime@^7.24.4", "@babel/runtime@^7.24.7", "@babel/runtime@^7.24.8", "@babel/runtime@^7.25.7", "@babel/runtime@^7.26.0":
  version "7.27.1"
  resolved "https://registry.npmjs.org/@babel/runtime/-/runtime-7.27.1.tgz"
  integrity sha512-1x3D2xEk2fRo3PAhwQwu5UubzgiVWSXTBfWpVd2Mx2AzRqJuDJCsgaDVZ7HB5iGzDW1Hl1sWN2mFyKjmR9uAog==

"@dimforge/rapier3d-compat@^0.12.0":
  version "0.12.0"
  resolved "https://registry.npmjs.org/@dimforge/rapier3d-compat/-/rapier3d-compat-0.12.0.tgz"
  integrity sha512-uekIGetywIgopfD97oDL5PfeezkFpNhwlzlaEYNOA0N6ghdsOvh/HYjSMek5Q2O1PYvRSDFcqFVJl4r4ZBwOow==

"@emotion/hash@^0.8.0":
  version "0.8.0"
  resolved "https://registry.npmjs.org/@emotion/hash/-/hash-0.8.0.tgz"
  integrity sha512-kBJtf7PH6aWwZ6fka3zQ0p6SBYzx4fl1LoZXE2RrnYST9Xljm7WfKJrU4g/Xr3Beg72MLrp1AWNUmuYJTL7Cow==

"@emotion/unitless@^0.7.5":
  version "0.7.5"
  resolved "https://registry.npmjs.org/@emotion/unitless/-/unitless-0.7.5.tgz"
  integrity sha512-OWORNpfjMsSSUBVrRBVGECkhWcULOAJz9ZW8uK9qgxD+87M7jHRcvh/A96XXNhXTLmKcoYSQtBEX7lHMO7YRwg==

"@img/sharp-darwin-arm64@0.34.1":
  version "0.34.1"
  resolved "https://registry.npmjs.org/@img/sharp-darwin-arm64/-/sharp-darwin-arm64-0.34.1.tgz"
  integrity sha512-pn44xgBtgpEbZsu+lWf2KNb6OAf70X68k+yk69Ic2Xz11zHR/w24/U49XT7AeRwJ0Px+mhALhU5LPci1Aymk7A==
  optionalDependencies:
    "@img/sharp-libvips-darwin-arm64" "1.1.0"

"@img/sharp-libvips-darwin-arm64@1.1.0":
  version "1.1.0"
  resolved "https://registry.npmjs.org/@img/sharp-libvips-darwin-arm64/-/sharp-libvips-darwin-arm64-1.1.0.tgz"
  integrity sha512-HZ/JUmPwrJSoM4DIQPv/BfNh9yrOA8tlBbqbLz4JZ5uew2+o22Ik+tHQJcih7QJuSa0zo5coHTfD5J8inqj9DA==

"@next/env@15.3.1":
  version "15.3.1"
  resolved "https://registry.npmjs.org/@next/env/-/env-15.3.1.tgz"
  integrity sha512-cwK27QdzrMblHSn9DZRV+DQscHXRuJv6MydlJRpFSqJWZrTYMLzKDeyueJNN9MGd8NNiUKzDQADAf+dMLXX7YQ==

"@next/swc-darwin-arm64@15.3.1":
  version "15.3.1"
  resolved "https://registry.npmjs.org/@next/swc-darwin-arm64/-/swc-darwin-arm64-15.3.1.tgz"
  integrity sha512-hjDw4f4/nla+6wysBL07z52Gs55Gttp5Bsk5/8AncQLJoisvTBP0pRIBK/B16/KqQyH+uN4Ww8KkcAqJODYH3w==

"@rc-component/async-validator@^5.0.3":
  version "5.0.4"
  resolved "https://registry.npmjs.org/@rc-component/async-validator/-/async-validator-5.0.4.tgz"
  integrity sha512-qgGdcVIF604M9EqjNF0hbUTz42bz/RDtxWdWuU5EQe3hi7M8ob54B6B35rOsvX5eSvIHIzT9iH1R3n+hk3CGfg==
  dependencies:
    "@babel/runtime" "^7.24.4"

"@rc-component/color-picker@~2.0.1":
  version "2.0.1"
  resolved "https://registry.npmjs.org/@rc-component/color-picker/-/color-picker-2.0.1.tgz"
  integrity sha512-WcZYwAThV/b2GISQ8F+7650r5ZZJ043E57aVBFkQ+kSY4C6wdofXgB0hBx+GPGpIU0Z81eETNoDUJMr7oy/P8Q==
  dependencies:
    "@ant-design/fast-color" "^2.0.6"
    "@babel/runtime" "^7.23.6"
    classnames "^2.2.6"
    rc-util "^5.38.1"

"@rc-component/context@^1.4.0":
  version "1.4.0"
  resolved "https://registry.npmjs.org/@rc-component/context/-/context-1.4.0.tgz"
  integrity sha512-kFcNxg9oLRMoL3qki0OMxK+7g5mypjgaaJp/pkOis/6rVxma9nJBF/8kCIuTYHUQNr0ii7MxqE33wirPZLJQ2w==
  dependencies:
    "@babel/runtime" "^7.10.1"
    rc-util "^5.27.0"

"@rc-component/mini-decimal@^1.0.1":
  version "1.1.0"
  resolved "https://registry.npmjs.org/@rc-component/mini-decimal/-/mini-decimal-1.1.0.tgz"
  integrity sha512-jS4E7T9Li2GuYwI6PyiVXmxTiM6b07rlD9Ge8uGZSCz3WlzcG5ZK7g5bbuKNeZ9pgUuPK/5guV781ujdVpm4HQ==
  dependencies:
    "@babel/runtime" "^7.18.0"

"@rc-component/mutate-observer@^1.1.0":
  version "1.1.0"
  resolved "https://registry.npmjs.org/@rc-component/mutate-observer/-/mutate-observer-1.1.0.tgz"
  integrity sha512-QjrOsDXQusNwGZPf4/qRQasg7UFEj06XiCJ8iuiq/Io7CrHrgVi6Uuetw60WAMG1799v+aM8kyc+1L/GBbHSlw==
  dependencies:
    "@babel/runtime" "^7.18.0"
    classnames "^2.3.2"
    rc-util "^5.24.4"

"@rc-component/portal@^1.0.0-8", "@rc-component/portal@^1.0.0-9", "@rc-component/portal@^1.0.2", "@rc-component/portal@^1.1.0", "@rc-component/portal@^1.1.1":
  version "1.1.2"
  resolved "https://registry.npmjs.org/@rc-component/portal/-/portal-1.1.2.tgz"
  integrity sha512-6f813C0IsasTZms08kfA8kPAGxbbkYToa8ALaiDIGGECU4i9hj8Plgbx0sNJDrey3EtHO30hmdaxtT0138xZcg==
  dependencies:
    "@babel/runtime" "^7.18.0"
    classnames "^2.3.2"
    rc-util "^5.24.4"

"@rc-component/qrcode@~1.0.0":
  version "1.0.0"
  resolved "https://registry.npmjs.org/@rc-component/qrcode/-/qrcode-1.0.0.tgz"
  integrity sha512-L+rZ4HXP2sJ1gHMGHjsg9jlYBX/SLN2D6OxP9Zn3qgtpMWtO2vUfxVFwiogHpAIqs54FnALxraUy/BCO1yRIgg==
  dependencies:
    "@babel/runtime" "^7.24.7"
    classnames "^2.3.2"
    rc-util "^5.38.0"

"@rc-component/tour@~1.15.1":
  version "1.15.1"
  resolved "https://registry.npmjs.org/@rc-component/tour/-/tour-1.15.1.tgz"
  integrity sha512-Tr2t7J1DKZUpfJuDZWHxyxWpfmj8EZrqSgyMZ+BCdvKZ6r1UDsfU46M/iWAAFBy961Ssfom2kv5f3UcjIL2CmQ==
  dependencies:
    "@babel/runtime" "^7.18.0"
    "@rc-component/portal" "^1.0.0-9"
    "@rc-component/trigger" "^2.0.0"
    classnames "^2.3.2"
    rc-util "^5.24.4"

"@rc-component/trigger@^2.0.0", "@rc-component/trigger@^2.1.1", "@rc-component/trigger@^2.2.6":
  version "2.2.6"
  resolved "https://registry.npmjs.org/@rc-component/trigger/-/trigger-2.2.6.tgz"
  integrity sha512-/9zuTnWwhQ3S3WT1T8BubuFTT46kvnXgaERR9f4BTKyn61/wpf/BvbImzYBubzJibU707FxwbKszLlHjcLiv1Q==
  dependencies:
    "@babel/runtime" "^7.23.2"
    "@rc-component/portal" "^1.1.0"
    classnames "^2.3.2"
    rc-motion "^2.0.0"
    rc-resize-observer "^1.3.1"
    rc-util "^5.44.0"

"@swc/counter@0.1.3":
  version "0.1.3"
  resolved "https://registry.npmjs.org/@swc/counter/-/counter-0.1.3.tgz"
  integrity sha512-e2BR4lsJkkRlKZ/qCHPw9ZaSxc0MVUd7gtbtaB7aMvHeJVYe8sOB8DBZkP2DtISHGSku9sCK6T6cnY0CtXrOCQ==

"@swc/helpers@0.5.15":
  version "0.5.15"
  resolved "https://registry.npmjs.org/@swc/helpers/-/helpers-0.5.15.tgz"
  integrity sha512-JQ5TuMi45Owi4/BIMAJBoSQoOJu12oOk/gADqlcUL9JEdHB8vyjUSsxqeNXnmXHjYKMi2WcYtezGEEhqUI/E2g==
  dependencies:
    tslib "^2.8.0"

"@tailwindcss/node@4.1.5":
  version "4.1.5"
  resolved "https://registry.npmjs.org/@tailwindcss/node/-/node-4.1.5.tgz"
  integrity sha512-CBhSWo0vLnWhXIvpD0qsPephiaUYfHUX3U9anwDaHZAeuGpTiB3XmsxPAN6qX7bFhipyGBqOa1QYQVVhkOUGxg==
  dependencies:
    enhanced-resolve "^5.18.1"
    jiti "^2.4.2"
    lightningcss "1.29.2"
    tailwindcss "4.1.5"

"@tailwindcss/oxide-darwin-arm64@4.1.5":
  version "4.1.5"
  resolved "https://registry.npmjs.org/@tailwindcss/oxide-darwin-arm64/-/oxide-darwin-arm64-4.1.5.tgz"
  integrity sha512-//TfCA3pNrgnw4rRJOqavW7XUk8gsg9ddi8cwcsWXp99tzdBAZW0WXrD8wDyNbqjW316Pk2hiN/NJx/KWHl8oA==

"@tailwindcss/oxide@4.1.5":
  version "4.1.5"
  resolved "https://registry.npmjs.org/@tailwindcss/oxide/-/oxide-4.1.5.tgz"
  integrity sha512-1n4br1znquEvyW/QuqMKQZlBen+jxAbvyduU87RS8R3tUSvByAkcaMTkJepNIrTlYhD+U25K4iiCIxE6BGdRYA==
  optionalDependencies:
    "@tailwindcss/oxide-android-arm64" "4.1.5"
    "@tailwindcss/oxide-darwin-arm64" "4.1.5"
    "@tailwindcss/oxide-darwin-x64" "4.1.5"
    "@tailwindcss/oxide-freebsd-x64" "4.1.5"
    "@tailwindcss/oxide-linux-arm-gnueabihf" "4.1.5"
    "@tailwindcss/oxide-linux-arm64-gnu" "4.1.5"
    "@tailwindcss/oxide-linux-arm64-musl" "4.1.5"
    "@tailwindcss/oxide-linux-x64-gnu" "4.1.5"
    "@tailwindcss/oxide-linux-x64-musl" "4.1.5"
    "@tailwindcss/oxide-wasm32-wasi" "4.1.5"
    "@tailwindcss/oxide-win32-arm64-msvc" "4.1.5"
    "@tailwindcss/oxide-win32-x64-msvc" "4.1.5"

"@tailwindcss/postcss@^4":
  version "4.1.5"
  resolved "https://registry.npmjs.org/@tailwindcss/postcss/-/postcss-4.1.5.tgz"
  integrity sha512-5lAC2/pzuyfhsFgk6I58HcNy6vPK3dV/PoPxSDuOTVbDvCddYHzHiJZZInGIY0venvzzfrTEUAXJFULAfFmObg==
  dependencies:
    "@alloc/quick-lru" "^5.2.0"
    "@tailwindcss/node" "4.1.5"
    "@tailwindcss/oxide" "4.1.5"
    postcss "^8.4.41"
    tailwindcss "4.1.5"

"@tweenjs/tween.js@~23.1.3":
  version "23.1.3"
  resolved "https://registry.npmjs.org/@tweenjs/tween.js/-/tween.js-23.1.3.tgz"
  integrity sha512-vJmvvwFxYuGnF2axRtPYocag6Clbb5YS7kLL+SO/TeVFzHqDIWrNKYtcsPMibjDx9O+bu+psAy9NKfWklassUA==

"@types/node@^20":
  version "20.17.32"
  resolved "https://registry.npmjs.org/@types/node/-/node-20.17.32.tgz"
  integrity sha512-zeMXFn8zQ+UkjK4ws0RiOC9EWByyW1CcVmLe+2rQocXRsGEDxUCwPEIVgpsGcLHS/P8JkT0oa3839BRABS0oPw==
  dependencies:
    undici-types "~6.19.2"

"@types/react-dom@^19":
  version "19.1.3"
  resolved "https://registry.npmjs.org/@types/react-dom/-/react-dom-19.1.3.tgz"
  integrity sha512-rJXC08OG0h3W6wDMFxQrZF00Kq6qQvw0djHRdzl3U5DnIERz0MRce3WVc7IS6JYBwtaP/DwYtRRjVlvivNveKg==

"@types/react@^19", "@types/react@^19.0.0":
  version "19.1.2"
  resolved "https://registry.npmjs.org/@types/react/-/react-19.1.2.tgz"
  integrity sha512-oxLPMytKchWGbnQM9O7D67uPa9paTNxO7jVoNMXgkkErULBPhPARCfkKL9ytcIJJRGjbsVwW4ugJzyFFvm/Tiw==
  dependencies:
    csstype "^3.0.2"

"@types/stats.js@*":
  version "0.17.3"
  resolved "https://registry.npmjs.org/@types/stats.js/-/stats.js-0.17.3.tgz"
  integrity sha512-pXNfAD3KHOdif9EQXZ9deK82HVNaXP5ZIF5RP2QG6OQFNTaY2YIetfrE9t528vEreGQvEPRDDc8muaoYeK0SxQ==

"@types/three@^0.176.0":
  version "0.176.0"
  resolved "https://registry.npmjs.org/@types/three/-/three-0.176.0.tgz"
  integrity sha512-FwfPXxCqOtP7EdYMagCFePNKoG1AGBDUEVKtluv2BTVRpSt7b+X27xNsirPCTCqY1pGYsPUzaM3jgWP7dXSxlw==
  dependencies:
    "@dimforge/rapier3d-compat" "^0.12.0"
    "@tweenjs/tween.js" "~23.1.3"
    "@types/stats.js" "*"
    "@types/webxr" "*"
    "@webgpu/types" "*"
    fflate "~0.8.2"
    meshoptimizer "~0.18.1"

"@types/webxr@*":
  version "0.5.22"
  resolved "https://registry.npmjs.org/@types/webxr/-/webxr-0.5.22.tgz"
  integrity sha512-Vr6Stjv5jPRqH690f5I5GLjVk8GSsoQSYJ2FVd/3jJF7KaqfwPi3ehfBS96mlQ2kPCwZaX6U0rG2+NGHBKkA/A==

"@webgpu/types@*":
  version "0.1.60"
  resolved "https://registry.npmjs.org/@webgpu/types/-/types-0.1.60.tgz"
  integrity sha512-8B/tdfRFKdrnejqmvq95ogp8tf52oZ51p3f4QD5m5Paey/qlX4Rhhy5Y8tgFMi7Ms70HzcMMw3EQjH/jdhTwlA==

antd@^5.0.0, antd@^5.24.9:
  version "5.24.9"
  resolved "https://registry.npmjs.org/antd/-/antd-5.24.9.tgz"
  integrity sha512-liB+Y/JwD5/KSKbK1Z1EVAbWcoWYvWJ1s97AbbT+mOdigpJQuWwH7kG8IXNEljI7onvj0DdD43TXhSRLUu9AMA==
  dependencies:
    "@ant-design/colors" "^7.2.0"
    "@ant-design/cssinjs" "^1.23.0"
    "@ant-design/cssinjs-utils" "^1.1.3"
    "@ant-design/fast-color" "^2.0.6"
    "@ant-design/icons" "^5.6.1"
    "@ant-design/react-slick" "~1.1.2"
    "@babel/runtime" "^7.26.0"
    "@rc-component/color-picker" "~2.0.1"
    "@rc-component/mutate-observer" "^1.1.0"
    "@rc-component/qrcode" "~1.0.0"
    "@rc-component/tour" "~1.15.1"
    "@rc-component/trigger" "^2.2.6"
    classnames "^2.5.1"
    copy-to-clipboard "^3.3.3"
    dayjs "^1.11.11"
    rc-cascader "~3.33.1"
    rc-checkbox "~3.5.0"
    rc-collapse "~3.9.0"
    rc-dialog "~9.6.0"
    rc-drawer "~7.2.0"
    rc-dropdown "~4.2.1"
    rc-field-form "~2.7.0"
    rc-image "~7.12.0"
    rc-input "~1.8.0"
    rc-input-number "~9.5.0"
    rc-mentions "~2.20.0"
    rc-menu "~9.16.1"
    rc-motion "^2.9.5"
    rc-notification "~5.6.4"
    rc-pagination "~5.1.0"
    rc-picker "~4.11.3"
    rc-progress "~4.0.0"
    rc-rate "~2.13.1"
    rc-resize-observer "^1.4.3"
    rc-segmented "~2.7.0"
    rc-select "~14.16.6"
    rc-slider "~11.1.8"
    rc-steps "~6.0.1"
    rc-switch "~4.1.0"
    rc-table "~7.50.4"
    rc-tabs "~15.6.1"
    rc-textarea "~1.10.0"
    rc-tooltip "~6.4.0"
    rc-tree "~5.13.1"
    rc-tree-select "~5.27.0"
    rc-upload "~4.8.1"
    rc-util "^5.44.4"
    scroll-into-view-if-needed "^3.1.0"
    throttle-debounce "^5.0.2"

busboy@1.6.0:
  version "1.6.0"
  resolved "https://registry.npmjs.org/busboy/-/busboy-1.6.0.tgz"
  integrity sha512-8SFQbg/0hQ9xy3UNTB0YEnsNBbWfhf7RtnzpL7TkBiTBRfrQ9Fxcnz7VJsleJpyp6rVLvXiuORqjlHi5q+PYuA==
  dependencies:
    streamsearch "^1.1.0"

caniuse-lite@^1.0.30001579:
  version "1.0.30001717"
  resolved "https://registry.npmjs.org/caniuse-lite/-/caniuse-lite-1.0.30001717.tgz"
  integrity sha512-auPpttCq6BDEG8ZAuHJIplGw6GODhjw+/11e7IjpnYCxZcW/ONgPs0KVBJ0d1bY3e2+7PRe5RCLyP+PfwVgkYw==

classnames@^2.2.1, classnames@^2.2.3, classnames@^2.2.5, classnames@^2.2.6, classnames@^2.3.1, classnames@^2.3.2, classnames@^2.5.1, classnames@2.x:
  version "2.5.1"
  resolved "https://registry.npmjs.org/classnames/-/classnames-2.5.1.tgz"
  integrity sha512-saHYOzhIQs6wy2sVxTM6bUDsQO4F50V9RQ22qBpEdCW+I+/Wmke2HOl6lS6dTpdxVhb88/I6+Hs+438c3lfUow==

client-only@0.0.1:
  version "0.0.1"
  resolved "https://registry.npmjs.org/client-only/-/client-only-0.0.1.tgz"
  integrity sha512-IV3Ou0jSMzZrd3pZ48nLkT9DA7Ag1pnPzaiQhpW7c3RbcqqzvzzVu+L8gfqMp/8IM2MQtSiqaCxrrcfu8I8rMA==

color-convert@^2.0.1:
  version "2.0.1"
  resolved "https://registry.npmjs.org/color-convert/-/color-convert-2.0.1.tgz"
  integrity sha512-RRECPsj7iu/xb5oKYcsFHSppFNnsj/52OVTRKb4zP5onXwVF3zVmmToNcOfGC+CRDpfK/U584fMg38ZHCaElKQ==
  dependencies:
    color-name "~1.1.4"

color-name@^1.0.0, color-name@~1.1.4:
  version "1.1.4"
  resolved "https://registry.npmjs.org/color-name/-/color-name-1.1.4.tgz"
  integrity sha512-dOy+3AuW3a2wNbZHIuMZpTcgjGuLU/uBL/ubcZF9OXbDo8ff4O8yVp5Bf0efS8uEoYo5q4Fx7dY9OgQGXgAsQA==

color-string@^1.9.0:
  version "1.9.1"
  resolved "https://registry.npmjs.org/color-string/-/color-string-1.9.1.tgz"
  integrity sha512-shrVawQFojnZv6xM40anx4CkoDP+fZsw/ZerEMsW/pyzsRbElpsL/DBVW7q3ExxwusdNXI3lXpuhEZkzs8p5Eg==
  dependencies:
    color-name "^1.0.0"
    simple-swizzle "^0.2.2"

color@^4.2.3:
  version "4.2.3"
  resolved "https://registry.npmjs.org/color/-/color-4.2.3.tgz"
  integrity sha512-1rXeuUUiGGrykh+CeBdu5Ie7OJwinCgQY0bc7GCRxy5xVHy+moaqkpL/jqQq0MtQOeYcrqEz4abc5f0KtU7W4A==
  dependencies:
    color-convert "^2.0.1"
    color-string "^1.9.0"

compute-scroll-into-view@^3.0.2:
  version "3.1.1"
  resolved "https://registry.npmjs.org/compute-scroll-into-view/-/compute-scroll-into-view-3.1.1.tgz"
  integrity sha512-VRhuHOLoKYOy4UbilLbUzbYg93XLjv2PncJC50EuTWPA3gaja1UjBsUP/D/9/juV3vQFr6XBEzn9KCAHdUvOHw==

copy-to-clipboard@^3.3.3:
  version "3.3.3"
  resolved "https://registry.npmjs.org/copy-to-clipboard/-/copy-to-clipboard-3.3.3.tgz"
  integrity sha512-2KV8NhB5JqC3ky0r9PMCAZKbUHSwtEo4CwCs0KXgruG43gX5PMqDEBbVU4OUzw2MuAWUfsuFmWvEKG5QRfSnJA==
  dependencies:
    toggle-selection "^1.0.6"

csstype@^3.0.2, csstype@^3.1.3:
  version "3.1.3"
  resolved "https://registry.npmjs.org/csstype/-/csstype-3.1.3.tgz"
  integrity sha512-M1uQkMl8rQK/szD0LNhtqxIPLpimGm8sOBwU7lLnCpSbTyY3yeU1Vc7l4KT5zT4s/yOxHH5O7tIuuLOCnLADRw==

dayjs@^1.11.11, "dayjs@>= 1.x":
  version "1.11.13"
  resolved "https://registry.npmjs.org/dayjs/-/dayjs-1.11.13.tgz"
  integrity sha512-oaMBel6gjolK862uaPQOVTA7q3TZhuSvuMQAAglQDOWYO9A91IrAOUJEyKVlqJlHE0vq5p5UXxzdPfMH/x6xNg==

detect-libc@^2.0.3:
  version "2.0.4"
  resolved "https://registry.npmjs.org/detect-libc/-/detect-libc-2.0.4.tgz"
  integrity sha512-3UDv+G9CsCKO1WKMGw9fwq/SWJYbI0c5Y7LU1AXYoDdbhE2AHQ6N6Nb34sG8Fj7T5APy8qXDCKuuIHd1BR0tVA==

enhanced-resolve@^5.18.1:
  version "5.18.1"
  resolved "https://registry.npmjs.org/enhanced-resolve/-/enhanced-resolve-5.18.1.tgz"
  integrity sha512-ZSW3ma5GkcQBIpwZTSRAI8N71Uuwgs93IezB7mf7R60tC8ZbJideoDNKjHn2O9KIlx6rkGTTEk1xUCK2E1Y2Yg==
  dependencies:
    graceful-fs "^4.2.4"
    tapable "^2.2.0"

fflate@~0.8.2:
  version "0.8.2"
  resolved "https://registry.npmjs.org/fflate/-/fflate-0.8.2.tgz"
  integrity sha512-cPJU47OaAoCbg0pBvzsgpTPhmhqI5eJjh/JIu8tPj5q+T7iLvW/JAYUqmE7KOB4R1ZyEhzBaIQpQpardBF5z8A==

graceful-fs@^4.2.4:
  version "4.2.11"
  resolved "https://registry.npmjs.org/graceful-fs/-/graceful-fs-4.2.11.tgz"
  integrity sha512-RbJ5/jmFcNNCcDV5o9eTnBLJ/HszWV0P73bc+Ff4nS/rJj+YaS6IGyiOL0VoBYX+l1Wrl3k63h/KrH+nhJ0XvQ==

is-arrayish@^0.3.1:
  version "0.3.2"
  resolved "https://registry.npmjs.org/is-arrayish/-/is-arrayish-0.3.2.tgz"
  integrity sha512-eVRqCvVlZbuw3GrM63ovNSNAeA1K16kaR/LRY/92w0zxQ5/1YzwblUX652i4Xs9RwAGjW9d9y6X88t8OaAJfWQ==

jiti@^2.4.2:
  version "2.4.2"
  resolved "https://registry.npmjs.org/jiti/-/jiti-2.4.2.tgz"
  integrity sha512-rg9zJN+G4n2nfJl5MW3BMygZX56zKPNVEYYqq7adpmMh4Jn2QNEwhvQlFy6jPVdcod7txZtKHWnyZiA3a0zP7A==

json2mq@^0.2.0:
  version "0.2.0"
  resolved "https://registry.npmjs.org/json2mq/-/json2mq-0.2.0.tgz"
  integrity sha512-SzoRg7ux5DWTII9J2qkrZrqV1gt+rTaoufMxEzXbS26Uid0NwaJd123HcoB80TgubEppxxIGdNxCx50fEoEWQA==
  dependencies:
    string-convert "^0.2.0"

lightningcss-darwin-arm64@1.29.2:
  version "1.29.2"
  resolved "https://registry.npmjs.org/lightningcss-darwin-arm64/-/lightningcss-darwin-arm64-1.29.2.tgz"
  integrity sha512-cK/eMabSViKn/PG8U/a7aCorpeKLMlK0bQeNHmdb7qUnBkNPnL+oV5DjJUo0kqWsJUapZsM4jCfYItbqBDvlcA==

lightningcss@1.29.2:
  version "1.29.2"
  resolved "https://registry.npmjs.org/lightningcss/-/lightningcss-1.29.2.tgz"
  integrity sha512-6b6gd/RUXKaw5keVdSEtqFVdzWnU5jMxTUjA2bVcMNPLwSQ08Sv/UodBVtETLCn7k4S1Ibxwh7k68IwLZPgKaA==
  dependencies:
    detect-libc "^2.0.3"
  optionalDependencies:
    lightningcss-darwin-arm64 "1.29.2"
    lightningcss-darwin-x64 "1.29.2"
    lightningcss-freebsd-x64 "1.29.2"
    lightningcss-linux-arm-gnueabihf "1.29.2"
    lightningcss-linux-arm64-gnu "1.29.2"
    lightningcss-linux-arm64-musl "1.29.2"
    lightningcss-linux-x64-gnu "1.29.2"
    lightningcss-linux-x64-musl "1.29.2"
    lightningcss-win32-arm64-msvc "1.29.2"
    lightningcss-win32-x64-msvc "1.29.2"

meshoptimizer@~0.18.1:
  version "0.18.1"
  resolved "https://registry.npmjs.org/meshoptimizer/-/meshoptimizer-0.18.1.tgz"
  integrity sha512-ZhoIoL7TNV4s5B6+rx5mC//fw8/POGyNxS/DZyCJeiZ12ScLfVwRE/GfsxwiTkMYYD5DmK2/JXnEVXqL4rF+Sw==

nanoid@^3.3.6, nanoid@^3.3.8:
  version "3.3.11"
  resolved "https://registry.npmjs.org/nanoid/-/nanoid-3.3.11.tgz"
  integrity sha512-N8SpfPUnUp1bK+PMYW8qSWdl9U+wwNWI4QKxOYDy9JAro3WMX7p2OeVRF9v+347pnakNevPmiHhNmZ2HbFA76w==

"next@^14.0.0 || ^15.0.0", next@15.3.1:
  version "15.3.1"
  resolved "https://registry.npmjs.org/next/-/next-15.3.1.tgz"
  integrity sha512-8+dDV0xNLOgHlyBxP1GwHGVaNXsmp+2NhZEYrXr24GWLHtt27YrBPbPuHvzlhi7kZNYjeJNR93IF5zfFu5UL0g==
  dependencies:
    "@next/env" "15.3.1"
    "@swc/counter" "0.1.3"
    "@swc/helpers" "0.5.15"
    busboy "1.6.0"
    caniuse-lite "^1.0.30001579"
    postcss "8.4.31"
    styled-jsx "5.1.6"
  optionalDependencies:
    "@next/swc-darwin-arm64" "15.3.1"
    "@next/swc-darwin-x64" "15.3.1"
    "@next/swc-linux-arm64-gnu" "15.3.1"
    "@next/swc-linux-arm64-musl" "15.3.1"
    "@next/swc-linux-x64-gnu" "15.3.1"
    "@next/swc-linux-x64-musl" "15.3.1"
    "@next/swc-win32-arm64-msvc" "15.3.1"
    "@next/swc-win32-x64-msvc" "15.3.1"
    sharp "^0.34.1"

picocolors@^1.0.0, picocolors@^1.1.1:
  version "1.1.1"
  resolved "https://registry.npmjs.org/picocolors/-/picocolors-1.1.1.tgz"
  integrity sha512-xceH2snhtb5M9liqDsmEw56le376mTZkEX/jEb/RxNFyegNul7eNslCXP9FDj/Lcu0X8KEyMceP2ntpaHrDEVA==

postcss@^8.4.41:
  version "8.5.3"
  resolved "https://registry.npmjs.org/postcss/-/postcss-8.5.3.tgz"
  integrity sha512-dle9A3yYxlBSrt8Fu+IpjGT8SY8hN0mlaA6GY8t0P5PjIOZemULz/E2Bnm/2dcUOena75OTNkHI76uZBNUUq3A==
  dependencies:
    nanoid "^3.3.8"
    picocolors "^1.1.1"
    source-map-js "^1.2.1"

postcss@8.4.31:
  version "8.4.31"
  resolved "https://registry.npmjs.org/postcss/-/postcss-8.4.31.tgz"
  integrity sha512-PS08Iboia9mts/2ygV3eLpY5ghnUcfLV/EXTOW1E2qYxJKGGBUtNjN76FYHnMs36RmARn41bC0AZmn+rR0OVpQ==
  dependencies:
    nanoid "^3.3.6"
    picocolors "^1.0.0"
    source-map-js "^1.0.2"

rc-cascader@~3.33.1:
  version "3.33.1"
  resolved "https://registry.npmjs.org/rc-cascader/-/rc-cascader-3.33.1.tgz"
  integrity sha512-Kyl4EJ7ZfCBuidmZVieegcbFw0RcU5bHHSbtEdmuLYd0fYHCAiYKZ6zon7fWAVyC6rWWOOib0XKdTSf7ElC9rg==
  dependencies:
    "@babel/runtime" "^7.25.7"
    classnames "^2.3.1"
    rc-select "~14.16.2"
    rc-tree "~5.13.0"
    rc-util "^5.43.0"

rc-checkbox@~3.5.0:
  version "3.5.0"
  resolved "https://registry.npmjs.org/rc-checkbox/-/rc-checkbox-3.5.0.tgz"
  integrity sha512-aOAQc3E98HteIIsSqm6Xk2FPKIER6+5vyEFMZfo73TqM+VVAIqOkHoPjgKLqSNtVLWScoaM7vY2ZrGEheI79yg==
  dependencies:
    "@babel/runtime" "^7.10.1"
    classnames "^2.3.2"
    rc-util "^5.25.2"

rc-collapse@~3.9.0:
  version "3.9.0"
  resolved "https://registry.npmjs.org/rc-collapse/-/rc-collapse-3.9.0.tgz"
  integrity sha512-swDdz4QZ4dFTo4RAUMLL50qP0EY62N2kvmk2We5xYdRwcRn8WcYtuetCJpwpaCbUfUt5+huLpVxhvmnK+PHrkA==
  dependencies:
    "@babel/runtime" "^7.10.1"
    classnames "2.x"
    rc-motion "^2.3.4"
    rc-util "^5.27.0"

rc-dialog@~9.6.0:
  version "9.6.0"
  resolved "https://registry.npmjs.org/rc-dialog/-/rc-dialog-9.6.0.tgz"
  integrity sha512-ApoVi9Z8PaCQg6FsUzS8yvBEQy0ZL2PkuvAgrmohPkN3okps5WZ5WQWPc1RNuiOKaAYv8B97ACdsFU5LizzCqg==
  dependencies:
    "@babel/runtime" "^7.10.1"
    "@rc-component/portal" "^1.0.0-8"
    classnames "^2.2.6"
    rc-motion "^2.3.0"
    rc-util "^5.21.0"

rc-drawer@~7.2.0:
  version "7.2.0"
  resolved "https://registry.npmjs.org/rc-drawer/-/rc-drawer-7.2.0.tgz"
  integrity sha512-9lOQ7kBekEJRdEpScHvtmEtXnAsy+NGDXiRWc2ZVC7QXAazNVbeT4EraQKYwCME8BJLa8Bxqxvs5swwyOepRwg==
  dependencies:
    "@babel/runtime" "^7.23.9"
    "@rc-component/portal" "^1.1.1"
    classnames "^2.2.6"
    rc-motion "^2.6.1"
    rc-util "^5.38.1"

rc-dropdown@~4.2.0, rc-dropdown@~4.2.1:
  version "4.2.1"
  resolved "https://registry.npmjs.org/rc-dropdown/-/rc-dropdown-4.2.1.tgz"
  integrity sha512-YDAlXsPv3I1n42dv1JpdM7wJ+gSUBfeyPK59ZpBD9jQhK9jVuxpjj3NmWQHOBceA1zEPVX84T2wbdb2SD0UjmA==
  dependencies:
    "@babel/runtime" "^7.18.3"
    "@rc-component/trigger" "^2.0.0"
    classnames "^2.2.6"
    rc-util "^5.44.1"

rc-field-form@~2.7.0:
  version "2.7.0"
  resolved "https://registry.npmjs.org/rc-field-form/-/rc-field-form-2.7.0.tgz"
  integrity sha512-hgKsCay2taxzVnBPZl+1n4ZondsV78G++XVsMIJCAoioMjlMQR9YwAp7JZDIECzIu2Z66R+f4SFIRrO2DjDNAA==
  dependencies:
    "@babel/runtime" "^7.18.0"
    "@rc-component/async-validator" "^5.0.3"
    rc-util "^5.32.2"

rc-image@~7.12.0:
  version "7.12.0"
  resolved "https://registry.npmjs.org/rc-image/-/rc-image-7.12.0.tgz"
  integrity sha512-cZ3HTyyckPnNnUb9/DRqduqzLfrQRyi+CdHjdqgsyDpI3Ln5UX1kXnAhPBSJj9pVRzwRFgqkN7p9b6HBDjmu/Q==
  dependencies:
    "@babel/runtime" "^7.11.2"
    "@rc-component/portal" "^1.0.2"
    classnames "^2.2.6"
    rc-dialog "~9.6.0"
    rc-motion "^2.6.2"
    rc-util "^5.34.1"

rc-input-number@~9.5.0:
  version "9.5.0"
  resolved "https://registry.npmjs.org/rc-input-number/-/rc-input-number-9.5.0.tgz"
  integrity sha512-bKaEvB5tHebUURAEXw35LDcnRZLq3x1k7GxfAqBMzmpHkDGzjAtnUL8y4y5N15rIFIg5IJgwr211jInl3cipag==
  dependencies:
    "@babel/runtime" "^7.10.1"
    "@rc-component/mini-decimal" "^1.0.1"
    classnames "^2.2.5"
    rc-input "~1.8.0"
    rc-util "^5.40.1"

rc-input@~1.8.0:
  version "1.8.0"
  resolved "https://registry.npmjs.org/rc-input/-/rc-input-1.8.0.tgz"
  integrity sha512-KXvaTbX+7ha8a/k+eg6SYRVERK0NddX8QX7a7AnRvUa/rEH0CNMlpcBzBkhI0wp2C8C4HlMoYl8TImSN+fuHKA==
  dependencies:
    "@babel/runtime" "^7.11.1"
    classnames "^2.2.1"
    rc-util "^5.18.1"

rc-mentions@~2.20.0:
  version "2.20.0"
  resolved "https://registry.npmjs.org/rc-mentions/-/rc-mentions-2.20.0.tgz"
  integrity sha512-w8HCMZEh3f0nR8ZEd466ATqmXFCMGMN5UFCzEUL0bM/nGw/wOS2GgRzKBcm19K++jDyuWCOJOdgcKGXU3fXfbQ==
  dependencies:
    "@babel/runtime" "^7.22.5"
    "@rc-component/trigger" "^2.0.0"
    classnames "^2.2.6"
    rc-input "~1.8.0"
    rc-menu "~9.16.0"
    rc-textarea "~1.10.0"
    rc-util "^5.34.1"

rc-menu@~9.16.0, rc-menu@~9.16.1:
  version "9.16.1"
  resolved "https://registry.npmjs.org/rc-menu/-/rc-menu-9.16.1.tgz"
  integrity sha512-ghHx6/6Dvp+fw8CJhDUHFHDJ84hJE3BXNCzSgLdmNiFErWSOaZNsihDAsKq9ByTALo/xkNIwtDFGIl6r+RPXBg==
  dependencies:
    "@babel/runtime" "^7.10.1"
    "@rc-component/trigger" "^2.0.0"
    classnames "2.x"
    rc-motion "^2.4.3"
    rc-overflow "^1.3.1"
    rc-util "^5.27.0"

rc-motion@^2.0.0, rc-motion@^2.0.1, rc-motion@^2.3.0, rc-motion@^2.3.4, rc-motion@^2.4.3, rc-motion@^2.4.4, rc-motion@^2.6.1, rc-motion@^2.6.2, rc-motion@^2.9.0, rc-motion@^2.9.5:
  version "2.9.5"
  resolved "https://registry.npmjs.org/rc-motion/-/rc-motion-2.9.5.tgz"
  integrity sha512-w+XTUrfh7ArbYEd2582uDrEhmBHwK1ZENJiSJVb7uRxdE7qJSYjbO2eksRXmndqyKqKoYPc9ClpPh5242mV1vA==
  dependencies:
    "@babel/runtime" "^7.11.1"
    classnames "^2.2.1"
    rc-util "^5.44.0"

rc-notification@~5.6.4:
  version "5.6.4"
  resolved "https://registry.npmjs.org/rc-notification/-/rc-notification-5.6.4.tgz"
  integrity sha512-KcS4O6B4qzM3KH7lkwOB7ooLPZ4b6J+VMmQgT51VZCeEcmghdeR4IrMcFq0LG+RPdnbe/ArT086tGM8Snimgiw==
  dependencies:
    "@babel/runtime" "^7.10.1"
    classnames "2.x"
    rc-motion "^2.9.0"
    rc-util "^5.20.1"

rc-overflow@^1.3.1, rc-overflow@^1.3.2:
  version "1.4.1"
  resolved "https://registry.npmjs.org/rc-overflow/-/rc-overflow-1.4.1.tgz"
  integrity sha512-3MoPQQPV1uKyOMVNd6SZfONi+f3st0r8PksexIdBTeIYbMX0Jr+k7pHEDvsXtR4BpCv90/Pv2MovVNhktKrwvw==
  dependencies:
    "@babel/runtime" "^7.11.1"
    classnames "^2.2.1"
    rc-resize-observer "^1.0.0"
    rc-util "^5.37.0"

rc-pagination@~5.1.0:
  version "5.1.0"
  resolved "https://registry.npmjs.org/rc-pagination/-/rc-pagination-5.1.0.tgz"
  integrity sha512-8416Yip/+eclTFdHXLKTxZvn70duYVGTvUUWbckCCZoIl3jagqke3GLsFrMs0bsQBikiYpZLD9206Ej4SOdOXQ==
  dependencies:
    "@babel/runtime" "^7.10.1"
    classnames "^2.3.2"
    rc-util "^5.38.0"

rc-picker@~4.11.3:
  version "4.11.3"
  resolved "https://registry.npmjs.org/rc-picker/-/rc-picker-4.11.3.tgz"
  integrity sha512-MJ5teb7FlNE0NFHTncxXQ62Y5lytq6sh5nUw0iH8OkHL/TjARSEvSHpr940pWgjGANpjCwyMdvsEV55l5tYNSg==
  dependencies:
    "@babel/runtime" "^7.24.7"
    "@rc-component/trigger" "^2.0.0"
    classnames "^2.2.1"
    rc-overflow "^1.3.2"
    rc-resize-observer "^1.4.0"
    rc-util "^5.43.0"

rc-progress@~4.0.0:
  version "4.0.0"
  resolved "https://registry.npmjs.org/rc-progress/-/rc-progress-4.0.0.tgz"
  integrity sha512-oofVMMafOCokIUIBnZLNcOZFsABaUw8PPrf1/y0ZBvKZNpOiu5h4AO9vv11Sw0p4Hb3D0yGWuEattcQGtNJ/aw==
  dependencies:
    "@babel/runtime" "^7.10.1"
    classnames "^2.2.6"
    rc-util "^5.16.1"

rc-rate@~2.13.1:
  version "2.13.1"
  resolved "https://registry.npmjs.org/rc-rate/-/rc-rate-2.13.1.tgz"
  integrity sha512-QUhQ9ivQ8Gy7mtMZPAjLbxBt5y9GRp65VcUyGUMF3N3fhiftivPHdpuDIaWIMOTEprAjZPC08bls1dQB+I1F2Q==
  dependencies:
    "@babel/runtime" "^7.10.1"
    classnames "^2.2.5"
    rc-util "^5.0.1"

rc-resize-observer@^1.0.0, rc-resize-observer@^1.1.0, rc-resize-observer@^1.3.1, rc-resize-observer@^1.4.0, rc-resize-observer@^1.4.3:
  version "1.4.3"
  resolved "https://registry.npmjs.org/rc-resize-observer/-/rc-resize-observer-1.4.3.tgz"
  integrity sha512-YZLjUbyIWox8E9i9C3Tm7ia+W7euPItNWSPX5sCcQTYbnwDb5uNpnLHQCG1f22oZWUhLw4Mv2tFmeWe68CDQRQ==
  dependencies:
    "@babel/runtime" "^7.20.7"
    classnames "^2.2.1"
    rc-util "^5.44.1"
    resize-observer-polyfill "^1.5.1"

rc-segmented@~2.7.0:
  version "2.7.0"
  resolved "https://registry.npmjs.org/rc-segmented/-/rc-segmented-2.7.0.tgz"
  integrity sha512-liijAjXz+KnTRVnxxXG2sYDGd6iLL7VpGGdR8gwoxAXy2KglviKCxLWZdjKYJzYzGSUwKDSTdYk8brj54Bn5BA==
  dependencies:
    "@babel/runtime" "^7.11.1"
    classnames "^2.2.1"
    rc-motion "^2.4.4"
    rc-util "^5.17.0"

rc-select@~14.16.2, rc-select@~14.16.6:
  version "14.16.6"
  resolved "https://registry.npmjs.org/rc-select/-/rc-select-14.16.6.tgz"
  integrity sha512-YPMtRPqfZWOm2XGTbx5/YVr1HT0vn//8QS77At0Gjb3Lv+Lbut0IORJPKLWu1hQ3u4GsA0SrDzs7nI8JG7Zmyg==
  dependencies:
    "@babel/runtime" "^7.10.1"
    "@rc-component/trigger" "^2.1.1"
    classnames "2.x"
    rc-motion "^2.0.1"
    rc-overflow "^1.3.1"
    rc-util "^5.16.1"
    rc-virtual-list "^3.5.2"

rc-slider@~11.1.8:
  version "11.1.8"
  resolved "https://registry.npmjs.org/rc-slider/-/rc-slider-11.1.8.tgz"
  integrity sha512-2gg/72YFSpKP+Ja5AjC5DPL1YnV8DEITDQrcc1eASrUYjl0esptaBVJBh5nLTXCCp15eD8EuGjwezVGSHhs9tQ==
  dependencies:
    "@babel/runtime" "^7.10.1"
    classnames "^2.2.5"
    rc-util "^5.36.0"

rc-steps@~6.0.1:
  version "6.0.1"
  resolved "https://registry.npmjs.org/rc-steps/-/rc-steps-6.0.1.tgz"
  integrity sha512-lKHL+Sny0SeHkQKKDJlAjV5oZ8DwCdS2hFhAkIjuQt1/pB81M0cA0ErVFdHq9+jmPmFw1vJB2F5NBzFXLJxV+g==
  dependencies:
    "@babel/runtime" "^7.16.7"
    classnames "^2.2.3"
    rc-util "^5.16.1"

rc-switch@~4.1.0:
  version "4.1.0"
  resolved "https://registry.npmjs.org/rc-switch/-/rc-switch-4.1.0.tgz"
  integrity sha512-TI8ufP2Az9oEbvyCeVE4+90PDSljGyuwix3fV58p7HV2o4wBnVToEyomJRVyTaZeqNPAp+vqeo4Wnj5u0ZZQBg==
  dependencies:
    "@babel/runtime" "^7.21.0"
    classnames "^2.2.1"
    rc-util "^5.30.0"

rc-table@~7.50.4:
  version "7.50.4"
  resolved "https://registry.npmjs.org/rc-table/-/rc-table-7.50.4.tgz"
  integrity sha512-Y+YuncnQqoS5e7yHvfvlv8BmCvwDYDX/2VixTBEhkMDk9itS9aBINp4nhzXFKiBP/frG4w0pS9d9Rgisl0T1Bw==
  dependencies:
    "@babel/runtime" "^7.10.1"
    "@rc-component/context" "^1.4.0"
    classnames "^2.2.5"
    rc-resize-observer "^1.1.0"
    rc-util "^5.44.3"
    rc-virtual-list "^3.14.2"

rc-tabs@~15.6.1:
  version "15.6.1"
  resolved "https://registry.npmjs.org/rc-tabs/-/rc-tabs-15.6.1.tgz"
  integrity sha512-/HzDV1VqOsUWyuC0c6AkxVYFjvx9+rFPKZ32ejxX0Uc7QCzcEjTA9/xMgv4HemPKwzBNX8KhGVbbumDjnj92aA==
  dependencies:
    "@babel/runtime" "^7.11.2"
    classnames "2.x"
    rc-dropdown "~4.2.0"
    rc-menu "~9.16.0"
    rc-motion "^2.6.2"
    rc-resize-observer "^1.0.0"
    rc-util "^5.34.1"

rc-textarea@~1.10.0:
  version "1.10.0"
  resolved "https://registry.npmjs.org/rc-textarea/-/rc-textarea-1.10.0.tgz"
  integrity sha512-ai9IkanNuyBS4x6sOL8qu/Ld40e6cEs6pgk93R+XLYg0mDSjNBGey6/ZpDs5+gNLD7urQ14po3V6Ck2dJLt9SA==
  dependencies:
    "@babel/runtime" "^7.10.1"
    classnames "^2.2.1"
    rc-input "~1.8.0"
    rc-resize-observer "^1.0.0"
    rc-util "^5.27.0"

rc-tooltip@~6.4.0:
  version "6.4.0"
  resolved "https://registry.npmjs.org/rc-tooltip/-/rc-tooltip-6.4.0.tgz"
  integrity sha512-kqyivim5cp8I5RkHmpsp1Nn/Wk+1oeloMv9c7LXNgDxUpGm+RbXJGL+OPvDlcRnx9DBeOe4wyOIl4OKUERyH1g==
  dependencies:
    "@babel/runtime" "^7.11.2"
    "@rc-component/trigger" "^2.0.0"
    classnames "^2.3.1"
    rc-util "^5.44.3"

rc-tree-select@~5.27.0:
  version "5.27.0"
  resolved "https://registry.npmjs.org/rc-tree-select/-/rc-tree-select-5.27.0.tgz"
  integrity sha512-2qTBTzwIT7LRI1o7zLyrCzmo5tQanmyGbSaGTIf7sYimCklAToVVfpMC6OAldSKolcnjorBYPNSKQqJmN3TCww==
  dependencies:
    "@babel/runtime" "^7.25.7"
    classnames "2.x"
    rc-select "~14.16.2"
    rc-tree "~5.13.0"
    rc-util "^5.43.0"

rc-tree@~5.13.0, rc-tree@~5.13.1:
  version "5.13.1"
  resolved "https://registry.npmjs.org/rc-tree/-/rc-tree-5.13.1.tgz"
  integrity sha512-FNhIefhftobCdUJshO7M8uZTA9F4OPGVXqGfZkkD/5soDeOhwO06T/aKTrg0WD8gRg/pyfq+ql3aMymLHCTC4A==
  dependencies:
    "@babel/runtime" "^7.10.1"
    classnames "2.x"
    rc-motion "^2.0.1"
    rc-util "^5.16.1"
    rc-virtual-list "^3.5.1"

rc-upload@~4.8.1:
  version "4.8.1"
  resolved "https://registry.npmjs.org/rc-upload/-/rc-upload-4.8.1.tgz"
  integrity sha512-toEAhwl4hjLAI1u8/CgKWt30BR06ulPa4iGQSMvSXoHzO88gPCslxqV/mnn4gJU7PDoltGIC9Eh+wkeudqgHyw==
  dependencies:
    "@babel/runtime" "^7.18.3"
    classnames "^2.2.5"
    rc-util "^5.2.0"

rc-util@^5.0.1, rc-util@^5.16.1, rc-util@^5.17.0, rc-util@^5.18.1, rc-util@^5.2.0, rc-util@^5.20.1, rc-util@^5.21.0, rc-util@^5.24.4, rc-util@^5.25.2, rc-util@^5.27.0, rc-util@^5.30.0, rc-util@^5.31.1, rc-util@^5.32.2, rc-util@^5.34.1, rc-util@^5.35.0, rc-util@^5.36.0, rc-util@^5.37.0, rc-util@^5.38.0, rc-util@^5.38.1, rc-util@^5.40.1, rc-util@^5.43.0, rc-util@^5.44.0, rc-util@^5.44.1, rc-util@^5.44.3, rc-util@^5.44.4:
  version "5.44.4"
  resolved "https://registry.npmjs.org/rc-util/-/rc-util-5.44.4.tgz"
  integrity sha512-resueRJzmHG9Q6rI/DfK6Kdv9/Lfls05vzMs1Sk3M2P+3cJa+MakaZyWY8IPfehVuhPJFKrIY1IK4GqbiaiY5w==
  dependencies:
    "@babel/runtime" "^7.18.3"
    react-is "^18.2.0"

rc-virtual-list@^3.14.2, rc-virtual-list@^3.5.1, rc-virtual-list@^3.5.2:
  version "3.18.5"
  resolved "https://registry.npmjs.org/rc-virtual-list/-/rc-virtual-list-3.18.5.tgz"
  integrity sha512-1FuxVSxhzTj3y8k5xMPbhXCB0t2TOiI3Tq+qE2Bu+GGV7f+ECVuQl4OUg6lZ2qT5fordTW7CBpr9czdzXCI7Pg==
  dependencies:
    "@babel/runtime" "^7.20.0"
    classnames "^2.2.6"
    rc-resize-observer "^1.0.0"
    rc-util "^5.36.0"

react-dom@*, "react-dom@^18.2.0 || 19.0.0-rc-de68d2f4-20241204 || ^19.0.0", react-dom@^19.0.0, react-dom@>=16.0.0, react-dom@>=16.11.0, react-dom@>=16.9.0:
  version "19.1.0"
  resolved "https://registry.npmjs.org/react-dom/-/react-dom-19.1.0.tgz"
  integrity sha512-Xs1hdnE+DyKgeHJeJznQmYMIBG3TKIHJJT95Q58nHLSrElKlGQqDTR2HQ9fx5CN/Gk6Vh/kupBTDLU11/nDk/g==
  dependencies:
    scheduler "^0.26.0"

react-is@^18.2.0:
  version "18.3.1"
  resolved "https://registry.npmjs.org/react-is/-/react-is-18.3.1.tgz"
  integrity sha512-/LLMVyas0ljjAtoYiPqYiL8VWXzUUdThrmU5+n20DZv+a+ClRoevUzw5JxU+Ieh5/c87ytoTBV9G1FiKfNJdmg==

react@*, "react@^18.2.0 || 19.0.0-rc-de68d2f4-20241204 || ^19.0.0", react@^19.0.0, react@^19.1.0, "react@>= 16.8.0 || 17.x.x || ^18.0.0-0 || ^19.0.0-0", react@>=16.0.0, react@>=16.11.0, react@>=16.9.0:
  version "19.1.0"
  resolved "https://registry.npmjs.org/react/-/react-19.1.0.tgz"
  integrity sha512-FS+XFBNvn3GTAWq26joslQgWNoFu08F4kl0J4CgdNKADkdSGXQyTCnKteIAJy96Br6YbpEU1LSzV5dYtjMkMDg==

resize-observer-polyfill@^1.5.1:
  version "1.5.1"
  resolved "https://registry.npmjs.org/resize-observer-polyfill/-/resize-observer-polyfill-1.5.1.tgz"
  integrity sha512-LwZrotdHOo12nQuZlHEmtuXdqGoOD0OhaxopaNFxWzInpEgaLWoVuAMbTzixuosCx2nEG58ngzW3vxdWoxIgdg==

scheduler@^0.26.0:
  version "0.26.0"
  resolved "https://registry.npmjs.org/scheduler/-/scheduler-0.26.0.tgz"
  integrity sha512-NlHwttCI/l5gCPR3D1nNXtWABUmBwvZpEQiD4IXSbIDq8BzLIK/7Ir5gTFSGZDUu37K5cMNp0hFtzO38sC7gWA==

scroll-into-view-if-needed@^3.1.0:
  version "3.1.0"
  resolved "https://registry.npmjs.org/scroll-into-view-if-needed/-/scroll-into-view-if-needed-3.1.0.tgz"
  integrity sha512-49oNpRjWRvnU8NyGVmUaYG4jtTkNonFZI86MmGRDqBphEK2EXT9gdEUoQPZhuBM8yWHxCWbobltqYO5M4XrUvQ==
  dependencies:
    compute-scroll-into-view "^3.0.2"

semver@^7.7.1:
  version "7.7.1"
  resolved "https://registry.npmjs.org/semver/-/semver-7.7.1.tgz"
  integrity sha512-hlq8tAfn0m/61p4BVRcPzIGr6LKiMwo4VM6dGi6pt4qcRkmNzTcWq6eCEjEh+qXjkMDvPlOFFSGwQjoEa6gyMA==

sharp@^0.34.1:
  version "0.34.1"
  resolved "https://registry.npmjs.org/sharp/-/sharp-0.34.1.tgz"
  integrity sha512-1j0w61+eVxu7DawFJtnfYcvSv6qPFvfTaqzTQ2BLknVhHTwGS8sc63ZBF4rzkWMBVKybo4S5OBtDdZahh2A1xg==
  dependencies:
    color "^4.2.3"
    detect-libc "^2.0.3"
    semver "^7.7.1"
  optionalDependencies:
    "@img/sharp-darwin-arm64" "0.34.1"
    "@img/sharp-darwin-x64" "0.34.1"
    "@img/sharp-libvips-darwin-arm64" "1.1.0"
    "@img/sharp-libvips-darwin-x64" "1.1.0"
    "@img/sharp-libvips-linux-arm" "1.1.0"
    "@img/sharp-libvips-linux-arm64" "1.1.0"
    "@img/sharp-libvips-linux-ppc64" "1.1.0"
    "@img/sharp-libvips-linux-s390x" "1.1.0"
    "@img/sharp-libvips-linux-x64" "1.1.0"
    "@img/sharp-libvips-linuxmusl-arm64" "1.1.0"
    "@img/sharp-libvips-linuxmusl-x64" "1.1.0"
    "@img/sharp-linux-arm" "0.34.1"
    "@img/sharp-linux-arm64" "0.34.1"
    "@img/sharp-linux-s390x" "0.34.1"
    "@img/sharp-linux-x64" "0.34.1"
    "@img/sharp-linuxmusl-arm64" "0.34.1"
    "@img/sharp-linuxmusl-x64" "0.34.1"
    "@img/sharp-wasm32" "0.34.1"
    "@img/sharp-win32-ia32" "0.34.1"
    "@img/sharp-win32-x64" "0.34.1"

simple-swizzle@^0.2.2:
  version "0.2.2"
  resolved "https://registry.npmjs.org/simple-swizzle/-/simple-swizzle-0.2.2.tgz"
  integrity sha512-JA//kQgZtbuY83m+xT+tXJkmJncGMTFT+C+g2h2R9uxkYIrE2yy9sgmcLhCnw57/WSD+Eh3J97FPEDFnbXnDUg==
  dependencies:
    is-arrayish "^0.3.1"

source-map-js@^1.0.2, source-map-js@^1.2.1:
  version "1.2.1"
  resolved "https://registry.npmjs.org/source-map-js/-/source-map-js-1.2.1.tgz"
  integrity sha512-UXWMKhLOwVKb728IUtQPXxfYU+usdybtUrK/8uGE8CQMvrhOpwvzDBwj0QhSL7MQc7vIsISBG8VQ8+IDQxpfQA==

streamsearch@^1.1.0:
  version "1.1.0"
  resolved "https://registry.npmjs.org/streamsearch/-/streamsearch-1.1.0.tgz"
  integrity sha512-Mcc5wHehp9aXz1ax6bZUyY5afg9u2rv5cqQI3mRrYkGC8rW2hM02jWuwjtL++LS5qinSyhj2QfLyNsuc+VsExg==

string-convert@^0.2.0:
  version "0.2.1"
  resolved "https://registry.npmjs.org/string-convert/-/string-convert-0.2.1.tgz"
  integrity sha512-u/1tdPl4yQnPBjnVrmdLo9gtuLvELKsAoRapekWggdiQNvvvum+jYF329d84NAa660KQw7pB2n36KrIKVoXa3A==

styled-jsx@5.1.6:
  version "5.1.6"
  resolved "https://registry.npmjs.org/styled-jsx/-/styled-jsx-5.1.6.tgz"
  integrity sha512-qSVyDTeMotdvQYoHWLNGwRFJHC+i+ZvdBRYosOFgC+Wg1vx4frN2/RG/NA7SYqqvKNLf39P2LSRA2pu6n0XYZA==
  dependencies:
    client-only "0.0.1"

stylis@^4.3.4:
  version "4.3.6"
  resolved "https://registry.npmjs.org/stylis/-/stylis-4.3.6.tgz"
  integrity sha512-yQ3rwFWRfwNUY7H5vpU0wfdkNSnvnJinhF9830Swlaxl03zsOjCfmX0ugac+3LtK0lYSgwL/KXc8oYL3mG4YFQ==

tailwindcss@^4, tailwindcss@4.1.5:
  version "4.1.5"
  resolved "https://registry.npmjs.org/tailwindcss/-/tailwindcss-4.1.5.tgz"
  integrity sha512-nYtSPfWGDiWgCkwQG/m+aX83XCwf62sBgg3bIlNiiOcggnS1x3uVRDAuyelBFL+vJdOPPCGElxv9DjHJjRHiVA==

tapable@^2.2.0:
  version "2.2.1"
  resolved "https://registry.npmjs.org/tapable/-/tapable-2.2.1.tgz"
  integrity sha512-GNzQvQTOIP6RyTfE2Qxb8ZVlNmw0n88vp1szwWRimP02mnTsx3Wtn5qRdqY9w2XduFNUgvOwhNnQsjwCp+kqaQ==

three@^0.176.0:
  version "0.176.0"
  resolved "https://registry.npmjs.org/three/-/three-0.176.0.tgz"
  integrity sha512-PWRKYWQo23ojf9oZSlRGH8K09q7nRSWx6LY/HF/UUrMdYgN9i1e2OwJYHoQjwc6HF/4lvvYLC5YC1X8UJL2ZpA==

throttle-debounce@^5.0.0, throttle-debounce@^5.0.2:
  version "5.0.2"
  resolved "https://registry.npmjs.org/throttle-debounce/-/throttle-debounce-5.0.2.tgz"
  integrity sha512-B71/4oyj61iNH0KeCamLuE2rmKuTO5byTOSVwECM5FA7TiAiAW+UqTKZ9ERueC4qvgSttUhdmq1mXC3kJqGX7A==

toggle-selection@^1.0.6:
  version "1.0.6"
  resolved "https://registry.npmjs.org/toggle-selection/-/toggle-selection-1.0.6.tgz"
  integrity sha512-BiZS+C1OS8g/q2RRbJmy59xpyghNBqrr6k5L/uKBGRsTfxmu3ffiRnd8mlGPUVayg8pvfi5urfnu8TU7DVOkLQ==

tslib@^2.4.0, tslib@^2.8.0:
  version "2.8.1"
  resolved "https://registry.npmjs.org/tslib/-/tslib-2.8.1.tgz"
  integrity sha512-oJFu94HQb+KVduSUQL7wnpmqnfmLsOA/nAh6b6EH0wCEoK0/mPeXU6c3wKDV83MkOuHPRHtSXKKU99IBazS/2w==

typescript@^5:
  version "5.8.3"
  resolved "https://registry.npmjs.org/typescript/-/typescript-5.8.3.tgz"
  integrity sha512-p1diW6TqL9L07nNxvRMM7hMMw4c5XOo/1ibL4aAIGmSAt9slTE1Xgw5KWuof2uTOvCg9BY7ZRi+GaF+7sfgPeQ==

undici-types@~6.19.2:
  version "6.19.8"
  resolved "https://registry.npmjs.org/undici-types/-/undici-types-6.19.8.tgz"
  integrity sha512-ve2KP6f/JnbPBFyobGHuerC9g1FYGn/F8n1LWTwNxCEzd6IfqTwUQcNXgEtmmQ6DlRrC1hrSrBnCZPokRrDHjw==
